
Microsoft Visual Studio Solution File, Format Version 12.00
# Visual Studio Version 16
VisualStudioVersion = 16.0.29409.12
MinimumVisualStudioVersion = 10.0.40219.1
Project("{FAE04EC0-301F-11D3-BF4B-00C04F79EFBC}") = "ManagerBBCC.Main", "ManagerBBCC.Main\ManagerBBCC.Main.csproj", "{35AA4452-B1E9-4CB1-B72B-4020D5A14CC0}"
EndProject
Global
	GlobalSection(SolutionConfigurationPlatforms) = preSolution
		Debug|Any CPU = Debug|Any CPU
		Release|Any CPU = Release|Any CPU
	EndGlobalSection
	GlobalSection(ProjectConfigurationPlatforms) = postSolution
		{35AA4452-B1E9-4CB1-B72B-4020D5A14CC0}.Debug|Any CPU.ActiveCfg = Debug|Any CPU
		{35AA4452-B1E9-4CB1-B72B-4020D5A14CC0}.Debug|Any CPU.Build.0 = Debug|Any CPU
		{35AA4452-B1E9-4CB1-B72B-4020D5A14CC0}.Release|Any CPU.ActiveCfg = Release|Any CPU
		{35AA4452-B1E9-4CB1-B72B-4020D5A14CC0}.Release|Any CPU.Build.0 = Release|Any CPU
	EndGlobalSection
	GlobalSection(SolutionProperties) = preSolution
		HideSolutionNode = FALSE
	EndGlobalSection
	GlobalSection(ExtensibilityGlobals) = postSolution
		SolutionGuid = {3A56FCE7-6BBC-4ACA-ADB2-C794E2942D77}
	EndGlobalSection
EndGlobal
